
Microsoft Visual Studio Solution File, Format Version 12.00
# Visual Studio Version 17
VisualStudioVersion = 17.6.33829.357
MinimumVisualStudioVersion = 10.0.40219.1
Project("{9A19103F-16F7-4668-BE54-9A1E7A4F7556}") = "DemoConsoleApp", "DemoConsoleApp\DemoConsoleApp.csproj", "{1B488C9B-356C-469C-B547-1FC9D8C05D65}"
EndProject
Project("{9A19103F-16F7-4668-BE54-9A1E7A4F7556}") = "DemoConsoleApp.DBconnect", "DemoConsoleApp.Data\DemoConsoleApp.DBconnect.csproj", "{BA33D2CD-D001-4DCA-B51F-E66F5CC318FC}"
EndProject
Project("{9A19103F-16F7-4668-BE54-9A1E7A4F7556}") = "DemoConsoleApp.Services", "DemoConsoleApp.Services\DemoConsoleApp.Services.csproj", "{B671700B-FEEB-4834-9CAD-AF0D49C5720E}"
EndProject
Project("{9A19103F-16F7-4668-BE54-9A1E7A4F7556}") = "DemoConsoleApp.Core", "DemoConsoleApp.Core\DemoConsoleApp.Core.csproj", "{6ABFAA3B-C9EC-4072-ACEA-ADA61B7E6E1D}"
EndProject
Project("{FAE04EC0-301F-11D3-BF4B-00C04F79EFBC}") = "DemoConsoleAppReciever", "DemoConsoleAppReciever\DemoConsoleAppReciever.csproj", "{C8F1590E-DFF7-419E-AC6C-7BF931AE41F1}"
EndProject
Global
	GlobalSection(SolutionConfigurationPlatforms) = preSolution
		Debug|Any CPU = Debug|Any CPU
		Release|Any CPU = Release|Any CPU
	EndGlobalSection
	GlobalSection(ProjectConfigurationPlatforms) = postSolution
		{1B488C9B-356C-469C-B547-1FC9D8C05D65}.Debug|Any CPU.ActiveCfg = Debug|Any CPU
		{1B488C9B-356C-469C-B547-1FC9D8C05D65}.Debug|Any CPU.Build.0 = Debug|Any CPU
		{1B488C9B-356C-469C-B547-1FC9D8C05D65}.Release|Any CPU.ActiveCfg = Release|Any CPU
		{1B488C9B-356C-469C-B547-1FC9D8C05D65}.Release|Any CPU.Build.0 = Release|Any CPU
		{BA33D2CD-D001-4DCA-B51F-E66F5CC318FC}.Debug|Any CPU.ActiveCfg = Debug|Any CPU
		{BA33D2CD-D001-4DCA-B51F-E66F5CC318FC}.Debug|Any CPU.Build.0 = Debug|Any CPU
		{BA33D2CD-D001-4DCA-B51F-E66F5CC318FC}.Release|Any CPU.ActiveCfg = Release|Any CPU
		{BA33D2CD-D001-4DCA-B51F-E66F5CC318FC}.Release|Any CPU.Build.0 = Release|Any CPU
		{B671700B-FEEB-4834-9CAD-AF0D49C5720E}.Debug|Any CPU.ActiveCfg = Debug|Any CPU
		{B671700B-FEEB-4834-9CAD-AF0D49C5720E}.Debug|Any CPU.Build.0 = Debug|Any CPU
		{B671700B-FEEB-4834-9CAD-AF0D49C5720E}.Release|Any CPU.ActiveCfg = Release|Any CPU
		{B671700B-FEEB-4834-9CAD-AF0D49C5720E}.Release|Any CPU.Build.0 = Release|Any CPU
		{6ABFAA3B-C9EC-4072-ACEA-ADA61B7E6E1D}.Debug|Any CPU.ActiveCfg = Debug|Any CPU
		{6ABFAA3B-C9EC-4072-ACEA-ADA61B7E6E1D}.Debug|Any CPU.Build.0 = Debug|Any CPU
		{6ABFAA3B-C9EC-4072-ACEA-ADA61B7E6E1D}.Release|Any CPU.ActiveCfg = Release|Any CPU
		{6ABFAA3B-C9EC-4072-ACEA-ADA61B7E6E1D}.Release|Any CPU.Build.0 = Release|Any CPU
		{C8F1590E-DFF7-419E-AC6C-7BF931AE41F1}.Debug|Any CPU.ActiveCfg = Debug|Any CPU
		{C8F1590E-DFF7-419E-AC6C-7BF931AE41F1}.Debug|Any CPU.Build.0 = Debug|Any CPU
		{C8F1590E-DFF7-419E-AC6C-7BF931AE41F1}.Release|Any CPU.ActiveCfg = Release|Any CPU
		{C8F1590E-DFF7-419E-AC6C-7BF931AE41F1}.Release|Any CPU.Build.0 = Release|Any CPU
	EndGlobalSection
	GlobalSection(SolutionProperties) = preSolution
		HideSolutionNode = FALSE
	EndGlobalSection
	GlobalSection(ExtensibilityGlobals) = postSolution
		SolutionGuid = {40B6696B-D86B-4A8B-9F31-3B658A5E8B1A}
	EndGlobalSection
EndGlobal
